{
    "version": 3,
    "terraform_version": "0.9.6",
    "serial": 2,
    "lineage": "b3c20281-02de-45fb-bc2a-08ef608b9a1b",
    "modules": [
        {
            "path": [
                "root"
            ],
            "outputs": {
                "public ip of EN-PORTAL-PRODUCT-WEB-01": {
                    "sensitive": false,
                    "type": "string",
                    "value": "54.238.159.232"
                }
            },
            "resources": {
                "aws_instance.EN-PORTAL-PRODUCT-WEB-01": {
                    "type": "aws_instance",
                    "depends_on": [
                        "aws_security_group.web_security_gp",
                        "aws_subnet.web_subnet"
                    ],
                    "primary": {
                        "id": "i-0311b74cd4e13ba9a",
                        "attributes": {
                            "ami": "ami-923d12f5",
                            "associate_public_ip_address": "true",
                            "availability_zone": "ap-northeast-1a",
                            "disable_api_termination": "false",
                            "ebs_block_device.#": "0",
                            "ebs_optimized": "false",
                            "ephemeral_block_device.#": "0",
                            "iam_instance_profile": "",
                            "id": "i-0311b74cd4e13ba9a",
                            "instance_state": "running",
                            "instance_type": "t2.micro",
                            "ipv6_addresses.#": "0",
                            "key_name": "EN-TEST-Wordpress-01",
                            "monitoring": "false",
                            "network_interface.#": "0",
                            "network_interface_id": "eni-09813d47",
                            "primary_network_interface_id": "eni-09813d47",
                            "private_dns": "ip-10-0-1-16.ap-northeast-1.compute.internal",
                            "private_ip": "10.0.1.16",
                            "public_dns": "",
                            "public_ip": "54.238.159.232",
                            "root_block_device.#": "1",
                            "root_block_device.0.delete_on_termination": "true",
                            "root_block_device.0.iops": "100",
                            "root_block_device.0.volume_size": "10",
                            "root_block_device.0.volume_type": "gp2",
                            "security_groups.#": "0",
                            "source_dest_check": "true",
                            "subnet_id": "subnet-baefeacc",
                            "tags.%": "1",
                            "tags.Name": "EN-PORTAL-PRODUCT-WEB-01",
                            "tenancy": "default",
                            "volume_tags.%": "0",
                            "vpc_security_group_ids.#": "1",
                            "vpc_security_group_ids.3492954612": "sg-bd9750db"
                        },
                        "meta": {
                            "e2bfb730-ecaa-11e6-8f88-34363bc7c4c0": {
                                "create": 600000000000,
                                "delete": 600000000000,
                                "update": 600000000000
                            },
                            "schema_version": "1"
                        },
                        "tainted": false
                    },
                    "deposed": [],
                    "provider": ""
                },
                "aws_internet_gateway.Portal_Production_Gateway": {
                    "type": "aws_internet_gateway",
                    "depends_on": [
                        "aws_vpc.Portal_Production"
                    ],
                    "primary": {
                        "id": "igw-7418f910",
                        "attributes": {
                            "id": "igw-7418f910",
                            "vpc_id": "vpc-3a60115e"
                        },
                        "meta": {},
                        "tainted": false
                    },
                    "deposed": [],
                    "provider": ""
                },
                "aws_route_table.Portal_Public-Route": {
                    "type": "aws_route_table",
                    "depends_on": [
                        "aws_internet_gateway.Portal_Production_Gateway",
                        "aws_vpc.Portal_Production"
                    ],
                    "primary": {
                        "id": "rtb-00686664",
                        "attributes": {
                            "id": "rtb-00686664",
                            "propagating_vgws.#": "0",
                            "route.#": "1",
                            "route.830499130.cidr_block": "0.0.0.0/0",
                            "route.830499130.egress_only_gateway_id": "",
                            "route.830499130.gateway_id": "igw-7418f910",
                            "route.830499130.instance_id": "",
                            "route.830499130.ipv6_cidr_block": "",
                            "route.830499130.nat_gateway_id": "",
                            "route.830499130.network_interface_id": "",
                            "route.830499130.vpc_peering_connection_id": "",
                            "tags.%": "0",
                            "vpc_id": "vpc-3a60115e"
                        },
                        "meta": {},
                        "tainted": false
                    },
                    "deposed": [],
                    "provider": ""
                },
                "aws_route_table_association.puclic-db": {
                    "type": "aws_route_table_association",
                    "depends_on": [
                        "aws_route_table.Portal_Public-Route",
                        "aws_subnet.db_subnet"
                    ],
                    "primary": {
                        "id": "rtbassoc-445e3c23",
                        "attributes": {
                            "id": "rtbassoc-445e3c23",
                            "route_table_id": "rtb-00686664",
                            "subnet_id": "subnet-20ece956"
                        },
                        "meta": {},
                        "tainted": false
                    },
                    "deposed": [],
                    "provider": ""
                },
                "aws_route_table_association.puclic-web": {
                    "type": "aws_route_table_association",
                    "depends_on": [
                        "aws_route_table.Portal_Public-Route",
                        "aws_subnet.web_subnet"
                    ],
                    "primary": {
                        "id": "rtbassoc-c15735a6",
                        "attributes": {
                            "id": "rtbassoc-c15735a6",
                            "route_table_id": "rtb-00686664",
                            "subnet_id": "subnet-baefeacc"
                        },
                        "meta": {},
                        "tainted": false
                    },
                    "deposed": [],
                    "provider": ""
                },
                "aws_security_group.db_security_gp": {
                    "type": "aws_security_group",
                    "depends_on": [
                        "aws_vpc.Portal_Production"
                    ],
                    "primary": {
                        "id": "sg-c49651a2",
                        "attributes": {
                            "description": "Managed by Terraform",
                            "egress.#": "1",
                            "egress.482069346.cidr_blocks.#": "1",
                            "egress.482069346.cidr_blocks.0": "0.0.0.0/0",
                            "egress.482069346.from_port": "0",
                            "egress.482069346.ipv6_cidr_blocks.#": "0",
                            "egress.482069346.prefix_list_ids.#": "0",
                            "egress.482069346.protocol": "-1",
                            "egress.482069346.security_groups.#": "0",
                            "egress.482069346.self": "false",
                            "egress.482069346.to_port": "0",
                            "id": "sg-c49651a2",
                            "ingress.#": "2",
                            "ingress.2541437006.cidr_blocks.#": "1",
                            "ingress.2541437006.cidr_blocks.0": "0.0.0.0/0",
                            "ingress.2541437006.from_port": "22",
                            "ingress.2541437006.ipv6_cidr_blocks.#": "0",
                            "ingress.2541437006.protocol": "tcp",
                            "ingress.2541437006.security_groups.#": "0",
                            "ingress.2541437006.self": "false",
                            "ingress.2541437006.to_port": "22",
                            "ingress.957905739.cidr_blocks.#": "1",
                            "ingress.957905739.cidr_blocks.0": "10.0.1.0/24",
                            "ingress.957905739.from_port": "3306",
                            "ingress.957905739.ipv6_cidr_blocks.#": "0",
                            "ingress.957905739.protocol": "tcp",
                            "ingress.957905739.security_groups.#": "0",
                            "ingress.957905739.self": "false",
                            "ingress.957905739.to_port": "3306",
                            "name": "db_security_gp",
                            "owner_id": "943084936533",
                            "tags.%": "0",
                            "vpc_id": "vpc-3a60115e"
                        },
                        "meta": {},
                        "tainted": false
                    },
                    "deposed": [],
                    "provider": ""
                },
                "aws_security_group.web_security_gp": {
                    "type": "aws_security_group",
                    "depends_on": [
                        "aws_vpc.Portal_Production"
                    ],
                    "primary": {
                        "id": "sg-bd9750db",
                        "attributes": {
                            "description": "Managed by Terraform",
                            "egress.#": "1",
                            "egress.482069346.cidr_blocks.#": "1",
                            "egress.482069346.cidr_blocks.0": "0.0.0.0/0",
                            "egress.482069346.from_port": "0",
                            "egress.482069346.ipv6_cidr_blocks.#": "0",
                            "egress.482069346.prefix_list_ids.#": "0",
                            "egress.482069346.protocol": "-1",
                            "egress.482069346.security_groups.#": "0",
                            "egress.482069346.self": "false",
                            "egress.482069346.to_port": "0",
                            "id": "sg-bd9750db",
                            "ingress.#": "3",
                            "ingress.2214680975.cidr_blocks.#": "1",
                            "ingress.2214680975.cidr_blocks.0": "0.0.0.0/0",
                            "ingress.2214680975.from_port": "80",
                            "ingress.2214680975.ipv6_cidr_blocks.#": "0",
                            "ingress.2214680975.protocol": "tcp",
                            "ingress.2214680975.security_groups.#": "0",
                            "ingress.2214680975.self": "false",
                            "ingress.2214680975.to_port": "80",
                            "ingress.2541437006.cidr_blocks.#": "1",
                            "ingress.2541437006.cidr_blocks.0": "0.0.0.0/0",
                            "ingress.2541437006.from_port": "22",
                            "ingress.2541437006.ipv6_cidr_blocks.#": "0",
                            "ingress.2541437006.protocol": "tcp",
                            "ingress.2541437006.security_groups.#": "0",
                            "ingress.2541437006.self": "false",
                            "ingress.2541437006.to_port": "22",
                            "ingress.2617001939.cidr_blocks.#": "1",
                            "ingress.2617001939.cidr_blocks.0": "0.0.0.0/0",
                            "ingress.2617001939.from_port": "443",
                            "ingress.2617001939.ipv6_cidr_blocks.#": "0",
                            "ingress.2617001939.protocol": "tcp",
                            "ingress.2617001939.security_groups.#": "0",
                            "ingress.2617001939.self": "false",
                            "ingress.2617001939.to_port": "443",
                            "name": "web_security_gp",
                            "owner_id": "943084936533",
                            "tags.%": "0",
                            "vpc_id": "vpc-3a60115e"
                        },
                        "meta": {},
                        "tainted": false
                    },
                    "deposed": [],
                    "provider": ""
                },
                "aws_subnet.db_subnet": {
                    "type": "aws_subnet",
                    "depends_on": [
                        "aws_vpc.Portal_Production"
                    ],
                    "primary": {
                        "id": "subnet-20ece956",
                        "attributes": {
                            "assign_ipv6_address_on_creation": "false",
                            "availability_zone": "ap-northeast-1a",
                            "cidr_block": "10.0.2.0/24",
                            "id": "subnet-20ece956",
                            "map_public_ip_on_launch": "false",
                            "tags.%": "0",
                            "vpc_id": "vpc-3a60115e"
                        },
                        "meta": {
                            "schema_version": "1"
                        },
                        "tainted": false
                    },
                    "deposed": [],
                    "provider": ""
                },
                "aws_subnet.web_subnet": {
                    "type": "aws_subnet",
                    "depends_on": [
                        "aws_vpc.Portal_Production"
                    ],
                    "primary": {
                        "id": "subnet-baefeacc",
                        "attributes": {
                            "assign_ipv6_address_on_creation": "false",
                            "availability_zone": "ap-northeast-1a",
                            "cidr_block": "10.0.1.0/24",
                            "id": "subnet-baefeacc",
                            "map_public_ip_on_launch": "false",
                            "tags.%": "0",
                            "vpc_id": "vpc-3a60115e"
                        },
                        "meta": {
                            "schema_version": "1"
                        },
                        "tainted": false
                    },
                    "deposed": [],
                    "provider": ""
                },
                "aws_vpc.Portal_Production": {
                    "type": "aws_vpc",
                    "depends_on": [],
                    "primary": {
                        "id": "vpc-3a60115e",
                        "attributes": {
                            "assign_generated_ipv6_cidr_block": "false",
                            "cidr_block": "10.0.0.0/16",
                            "default_network_acl_id": "acl-6c86b408",
                            "default_route_table_id": "rtb-696a640d",
                            "default_security_group_id": "sg-25894e43",
                            "dhcp_options_id": "dopt-60401c08",
                            "enable_classiclink": "false",
                            "enable_dns_hostnames": "false",
                            "enable_dns_support": "true",
                            "id": "vpc-3a60115e",
                            "instance_tenancy": "default",
                            "main_route_table_id": "rtb-696a640d",
                            "tags.%": "1",
                            "tags.Name": "Portal_Production"
                        },
                        "meta": {
                            "schema_version": "1"
                        },
                        "tainted": false
                    },
                    "deposed": [],
                    "provider": ""
                }
            },
            "depends_on": []
        }
    ]
}
